
Microsoft Visual Studio Solution File, Format Version 12.00
# Visual Studio Version 16
VisualStudioVersion = 16.0.28803.352
MinimumVisualStudioVersion = 10.0.40219.1
Project("{9A19103F-16F7-4668-BE54-9A1E7A4F7556}") = "Volley.Core", "Volley.Core\Volley.Core.csproj", "{CD064035-0B82-425B-A377-5816C33EF5C2}"
EndProject
Project("{2150E333-8FDC-42A3-9474-1A3956D46DE8}") = "Solution Items", "Solution Items", "{318E887B-3E58-49B5-A2E1-B5C3E560F2DA}"
	ProjectSection(SolutionItems) = preProject
		README.md = README.md
		Solution.ruleset = Solution.ruleset
	EndProjectSection
EndProject
Project("{9A19103F-16F7-4668-BE54-9A1E7A4F7556}") = "Volley.UI.Core", "Volley.UI.Core\Volley.UI.Core.csproj", "{E71624EF-7222-468A-8068-63D6ED7E75AC}"
EndProject
Project("{2150E333-8FDC-42A3-9474-1A3956D46DE8}") = "Standalone", "Standalone", "{F747A0E2-AD82-4803-9DD5-A29BBB3C0E3E}"
EndProject
Project("{FAE04EC0-301F-11D3-BF4B-00C04F79EFBC}") = "Volley.Cocoa", "Standalone\Volley.Cocoa\Volley.Cocoa.csproj", "{4FBD784D-1B5A-4EFD-979F-9806A9AF16FF}"
EndProject
Project("{9A19103F-16F7-4668-BE54-9A1E7A4F7556}") = "Volley.Standalone", "Standalone\Volley.Standalone\Volley.Standalone.csproj", "{AC8781C8-04F9-4453-8633-A15D8BAD2FAC}"
EndProject
Project("{9A19103F-16F7-4668-BE54-9A1E7A4F7556}") = "Volley.Standalone.Test", "Standalone\Volley.Standalone.Test\Volley.Standalone.Test.csproj", "{7D7A5ADE-F9DE-4352-AF94-DECC0A24E7E2}"
EndProject
Project("{2150E333-8FDC-42A3-9474-1A3956D46DE8}") = "Mobile.Avalonia", "Mobile.Avalonia", "{7727CCC3-8CC6-4AA7-9241-81C353D231D5}"
EndProject
Project("{2150E333-8FDC-42A3-9474-1A3956D46DE8}") = "Mobile.Forms", "Mobile.Forms", "{700C1D78-D15E-47A3-A7CA-AA2E86AEED55}"
EndProject
Project("{9A19103F-16F7-4668-BE54-9A1E7A4F7556}") = "Volley.Mobile.Forms", "Volley.Mobile.Forms\Volley.Mobile.Forms\Volley.Mobile.Forms.csproj", "{6142A79A-FAD8-4E1A-A43A-EB897F1DF426}"
EndProject
Project("{FAE04EC0-301F-11D3-BF4B-00C04F79EFBC}") = "Volley.Mobile.Forms.Android", "Volley.Mobile.Forms\Volley.Mobile.Forms.Android\Volley.Mobile.Forms.Android.csproj", "{F4F19352-CF04-4B2F-B123-CB050D66A2CA}"
EndProject
Project("{FAE04EC0-301F-11D3-BF4B-00C04F79EFBC}") = "Volley.Mobile.Forms.iOS", "Volley.Mobile.Forms\Volley.Mobile.Forms.iOS\Volley.Mobile.Forms.iOS.csproj", "{48F78079-1337-4333-8904-E63EDE221BA9}"
EndProject
Project("{FAE04EC0-301F-11D3-BF4B-00C04F79EFBC}") = "Volley.Mobile.Forms.UWP", "Volley.Mobile.Forms\Volley.Mobile.Forms.UWP\Volley.Mobile.Forms.UWP.csproj", "{F6C60C42-A40C-4F16-85F5-1D963E833F72}"
EndProject
Global
	GlobalSection(SolutionConfigurationPlatforms) = preSolution
		Ad-Hoc|Any CPU = Ad-Hoc|Any CPU
		Ad-Hoc|ARM = Ad-Hoc|ARM
		Ad-Hoc|iPhone = Ad-Hoc|iPhone
		Ad-Hoc|iPhoneSimulator = Ad-Hoc|iPhoneSimulator
		Ad-Hoc|x64 = Ad-Hoc|x64
		Ad-Hoc|x86 = Ad-Hoc|x86
		AppStore|Any CPU = AppStore|Any CPU
		AppStore|ARM = AppStore|ARM
		AppStore|iPhone = AppStore|iPhone
		AppStore|iPhoneSimulator = AppStore|iPhoneSimulator
		AppStore|x64 = AppStore|x64
		AppStore|x86 = AppStore|x86
		Debug|Any CPU = Debug|Any CPU
		Debug|ARM = Debug|ARM
		Debug|iPhone = Debug|iPhone
		Debug|iPhoneSimulator = Debug|iPhoneSimulator
		Debug|x64 = Debug|x64
		Debug|x86 = Debug|x86
		Release|Any CPU = Release|Any CPU
		Release|ARM = Release|ARM
		Release|iPhone = Release|iPhone
		Release|iPhoneSimulator = Release|iPhoneSimulator
		Release|x64 = Release|x64
		Release|x86 = Release|x86
	EndGlobalSection
	GlobalSection(ProjectConfigurationPlatforms) = postSolution
		{CD064035-0B82-425B-A377-5816C33EF5C2}.Ad-Hoc|Any CPU.ActiveCfg = Release|Any CPU
		{CD064035-0B82-425B-A377-5816C33EF5C2}.Ad-Hoc|Any CPU.Build.0 = Release|Any CPU
		{CD064035-0B82-425B-A377-5816C33EF5C2}.Ad-Hoc|ARM.ActiveCfg = Release|Any CPU
		{CD064035-0B82-425B-A377-5816C33EF5C2}.Ad-Hoc|ARM.Build.0 = Release|Any CPU
		{CD064035-0B82-425B-A377-5816C33EF5C2}.Ad-Hoc|iPhone.ActiveCfg = Release|Any CPU
		{CD064035-0B82-425B-A377-5816C33EF5C2}.Ad-Hoc|iPhone.Build.0 = Release|Any CPU
		{CD064035-0B82-425B-A377-5816C33EF5C2}.Ad-Hoc|iPhoneSimulator.ActiveCfg = Release|Any CPU
		{CD064035-0B82-425B-A377-5816C33EF5C2}.Ad-Hoc|iPhoneSimulator.Build.0 = Release|Any CPU
		{CD064035-0B82-425B-A377-5816C33EF5C2}.Ad-Hoc|x64.ActiveCfg = Release|Any CPU
		{CD064035-0B82-425B-A377-5816C33EF5C2}.Ad-Hoc|x64.Build.0 = Release|Any CPU
		{CD064035-0B82-425B-A377-5816C33EF5C2}.Ad-Hoc|x86.ActiveCfg = Release|Any CPU
		{CD064035-0B82-425B-A377-5816C33EF5C2}.Ad-Hoc|x86.Build.0 = Release|Any CPU
		{CD064035-0B82-425B-A377-5816C33EF5C2}.AppStore|Any CPU.ActiveCfg = Release|Any CPU
		{CD064035-0B82-425B-A377-5816C33EF5C2}.AppStore|Any CPU.Build.0 = Release|Any CPU
		{CD064035-0B82-425B-A377-5816C33EF5C2}.AppStore|ARM.ActiveCfg = Release|Any CPU
		{CD064035-0B82-425B-A377-5816C33EF5C2}.AppStore|ARM.Build.0 = Release|Any CPU
		{CD064035-0B82-425B-A377-5816C33EF5C2}.AppStore|iPhone.ActiveCfg = Release|Any CPU
		{CD064035-0B82-425B-A377-5816C33EF5C2}.AppStore|iPhone.Build.0 = Release|Any CPU
		{CD064035-0B82-425B-A377-5816C33EF5C2}.AppStore|iPhoneSimulator.ActiveCfg = Release|Any CPU
		{CD064035-0B82-425B-A377-5816C33EF5C2}.AppStore|iPhoneSimulator.Build.0 = Release|Any CPU
		{CD064035-0B82-425B-A377-5816C33EF5C2}.AppStore|x64.ActiveCfg = Release|Any CPU
		{CD064035-0B82-425B-A377-5816C33EF5C2}.AppStore|x64.Build.0 = Release|Any CPU
		{CD064035-0B82-425B-A377-5816C33EF5C2}.AppStore|x86.ActiveCfg = Release|Any CPU
		{CD064035-0B82-425B-A377-5816C33EF5C2}.AppStore|x86.Build.0 = Release|Any CPU
		{CD064035-0B82-425B-A377-5816C33EF5C2}.Debug|Any CPU.ActiveCfg = Debug|Any CPU
		{CD064035-0B82-425B-A377-5816C33EF5C2}.Debug|Any CPU.Build.0 = Debug|Any CPU
		{CD064035-0B82-425B-A377-5816C33EF5C2}.Debug|ARM.ActiveCfg = Debug|Any CPU
		{CD064035-0B82-425B-A377-5816C33EF5C2}.Debug|ARM.Build.0 = Debug|Any CPU
		{CD064035-0B82-425B-A377-5816C33EF5C2}.Debug|iPhone.ActiveCfg = Debug|Any CPU
		{CD064035-0B82-425B-A377-5816C33EF5C2}.Debug|iPhone.Build.0 = Debug|Any CPU
		{CD064035-0B82-425B-A377-5816C33EF5C2}.Debug|iPhoneSimulator.ActiveCfg = Debug|Any CPU
		{CD064035-0B82-425B-A377-5816C33EF5C2}.Debug|iPhoneSimulator.Build.0 = Debug|Any CPU
		{CD064035-0B82-425B-A377-5816C33EF5C2}.Debug|x64.ActiveCfg = Debug|Any CPU
		{CD064035-0B82-425B-A377-5816C33EF5C2}.Debug|x64.Build.0 = Debug|Any CPU
		{CD064035-0B82-425B-A377-5816C33EF5C2}.Debug|x86.ActiveCfg = Debug|Any CPU
		{CD064035-0B82-425B-A377-5816C33EF5C2}.Debug|x86.Build.0 = Debug|Any CPU
		{CD064035-0B82-425B-A377-5816C33EF5C2}.Release|Any CPU.ActiveCfg = Release|Any CPU
		{CD064035-0B82-425B-A377-5816C33EF5C2}.Release|Any CPU.Build.0 = Release|Any CPU
		{CD064035-0B82-425B-A377-5816C33EF5C2}.Release|ARM.ActiveCfg = Release|Any CPU
		{CD064035-0B82-425B-A377-5816C33EF5C2}.Release|ARM.Build.0 = Release|Any CPU
		{CD064035-0B82-425B-A377-5816C33EF5C2}.Release|iPhone.ActiveCfg = Release|Any CPU
		{CD064035-0B82-425B-A377-5816C33EF5C2}.Release|iPhone.Build.0 = Release|Any CPU
		{CD064035-0B82-425B-A377-5816C33EF5C2}.Release|iPhoneSimulator.ActiveCfg = Release|Any CPU
		{CD064035-0B82-425B-A377-5816C33EF5C2}.Release|iPhoneSimulator.Build.0 = Release|Any CPU
		{CD064035-0B82-425B-A377-5816C33EF5C2}.Release|x64.ActiveCfg = Release|Any CPU
		{CD064035-0B82-425B-A377-5816C33EF5C2}.Release|x64.Build.0 = Release|Any CPU
		{CD064035-0B82-425B-A377-5816C33EF5C2}.Release|x86.ActiveCfg = Release|Any CPU
		{CD064035-0B82-425B-A377-5816C33EF5C2}.Release|x86.Build.0 = Release|Any CPU
		{E71624EF-7222-468A-8068-63D6ED7E75AC}.Ad-Hoc|Any CPU.ActiveCfg = Release|Any CPU
		{E71624EF-7222-468A-8068-63D6ED7E75AC}.Ad-Hoc|Any CPU.Build.0 = Release|Any CPU
		{E71624EF-7222-468A-8068-63D6ED7E75AC}.Ad-Hoc|ARM.ActiveCfg = Release|Any CPU
		{E71624EF-7222-468A-8068-63D6ED7E75AC}.Ad-Hoc|ARM.Build.0 = Release|Any CPU
		{E71624EF-7222-468A-8068-63D6ED7E75AC}.Ad-Hoc|iPhone.ActiveCfg = Release|Any CPU
		{E71624EF-7222-468A-8068-63D6ED7E75AC}.Ad-Hoc|iPhone.Build.0 = Release|Any CPU
		{E71624EF-7222-468A-8068-63D6ED7E75AC}.Ad-Hoc|iPhoneSimulator.ActiveCfg = Release|Any CPU
		{E71624EF-7222-468A-8068-63D6ED7E75AC}.Ad-Hoc|iPhoneSimulator.Build.0 = Release|Any CPU
		{E71624EF-7222-468A-8068-63D6ED7E75AC}.Ad-Hoc|x64.ActiveCfg = Release|Any CPU
		{E71624EF-7222-468A-8068-63D6ED7E75AC}.Ad-Hoc|x64.Build.0 = Release|Any CPU
		{E71624EF-7222-468A-8068-63D6ED7E75AC}.Ad-Hoc|x86.ActiveCfg = Release|Any CPU
		{E71624EF-7222-468A-8068-63D6ED7E75AC}.Ad-Hoc|x86.Build.0 = Release|Any CPU
		{E71624EF-7222-468A-8068-63D6ED7E75AC}.AppStore|Any CPU.ActiveCfg = Release|Any CPU
		{E71624EF-7222-468A-8068-63D6ED7E75AC}.AppStore|Any CPU.Build.0 = Release|Any CPU
		{E71624EF-7222-468A-8068-63D6ED7E75AC}.AppStore|ARM.ActiveCfg = Release|Any CPU
		{E71624EF-7222-468A-8068-63D6ED7E75AC}.AppStore|ARM.Build.0 = Release|Any CPU
		{E71624EF-7222-468A-8068-63D6ED7E75AC}.AppStore|iPhone.ActiveCfg = Release|Any CPU
		{E71624EF-7222-468A-8068-63D6ED7E75AC}.AppStore|iPhone.Build.0 = Release|Any CPU
		{E71624EF-7222-468A-8068-63D6ED7E75AC}.AppStore|iPhoneSimulator.ActiveCfg = Release|Any CPU
		{E71624EF-7222-468A-8068-63D6ED7E75AC}.AppStore|iPhoneSimulator.Build.0 = Release|Any CPU
		{E71624EF-7222-468A-8068-63D6ED7E75AC}.AppStore|x64.ActiveCfg = Release|Any CPU
		{E71624EF-7222-468A-8068-63D6ED7E75AC}.AppStore|x64.Build.0 = Release|Any CPU
		{E71624EF-7222-468A-8068-63D6ED7E75AC}.AppStore|x86.ActiveCfg = Release|Any CPU
		{E71624EF-7222-468A-8068-63D6ED7E75AC}.AppStore|x86.Build.0 = Release|Any CPU
		{E71624EF-7222-468A-8068-63D6ED7E75AC}.Debug|Any CPU.ActiveCfg = Debug|Any CPU
		{E71624EF-7222-468A-8068-63D6ED7E75AC}.Debug|Any CPU.Build.0 = Debug|Any CPU
		{E71624EF-7222-468A-8068-63D6ED7E75AC}.Debug|ARM.ActiveCfg = Debug|Any CPU
		{E71624EF-7222-468A-8068-63D6ED7E75AC}.Debug|ARM.Build.0 = Debug|Any CPU
		{E71624EF-7222-468A-8068-63D6ED7E75AC}.Debug|iPhone.ActiveCfg = Debug|Any CPU
		{E71624EF-7222-468A-8068-63D6ED7E75AC}.Debug|iPhone.Build.0 = Debug|Any CPU
		{E71624EF-7222-468A-8068-63D6ED7E75AC}.Debug|iPhoneSimulator.ActiveCfg = Debug|Any CPU
		{E71624EF-7222-468A-8068-63D6ED7E75AC}.Debug|iPhoneSimulator.Build.0 = Debug|Any CPU
		{E71624EF-7222-468A-8068-63D6ED7E75AC}.Debug|x64.ActiveCfg = Debug|Any CPU
		{E71624EF-7222-468A-8068-63D6ED7E75AC}.Debug|x64.Build.0 = Debug|Any CPU
		{E71624EF-7222-468A-8068-63D6ED7E75AC}.Debug|x86.ActiveCfg = Debug|Any CPU
		{E71624EF-7222-468A-8068-63D6ED7E75AC}.Debug|x86.Build.0 = Debug|Any CPU
		{E71624EF-7222-468A-8068-63D6ED7E75AC}.Release|Any CPU.ActiveCfg = Release|Any CPU
		{E71624EF-7222-468A-8068-63D6ED7E75AC}.Release|Any CPU.Build.0 = Release|Any CPU
		{E71624EF-7222-468A-8068-63D6ED7E75AC}.Release|ARM.ActiveCfg = Release|Any CPU
		{E71624EF-7222-468A-8068-63D6ED7E75AC}.Release|ARM.Build.0 = Release|Any CPU
		{E71624EF-7222-468A-8068-63D6ED7E75AC}.Release|iPhone.ActiveCfg = Release|Any CPU
		{E71624EF-7222-468A-8068-63D6ED7E75AC}.Release|iPhone.Build.0 = Release|Any CPU
		{E71624EF-7222-468A-8068-63D6ED7E75AC}.Release|iPhoneSimulator.ActiveCfg = Release|Any CPU
		{E71624EF-7222-468A-8068-63D6ED7E75AC}.Release|iPhoneSimulator.Build.0 = Release|Any CPU
		{E71624EF-7222-468A-8068-63D6ED7E75AC}.Release|x64.ActiveCfg = Release|Any CPU
		{E71624EF-7222-468A-8068-63D6ED7E75AC}.Release|x64.Build.0 = Release|Any CPU
		{E71624EF-7222-468A-8068-63D6ED7E75AC}.Release|x86.ActiveCfg = Release|Any CPU
		{E71624EF-7222-468A-8068-63D6ED7E75AC}.Release|x86.Build.0 = Release|Any CPU
		{4FBD784D-1B5A-4EFD-979F-9806A9AF16FF}.Ad-Hoc|Any CPU.ActiveCfg = Release|Any CPU
		{4FBD784D-1B5A-4EFD-979F-9806A9AF16FF}.Ad-Hoc|Any CPU.Build.0 = Release|Any CPU
		{4FBD784D-1B5A-4EFD-979F-9806A9AF16FF}.Ad-Hoc|ARM.ActiveCfg = Release|Any CPU
		{4FBD784D-1B5A-4EFD-979F-9806A9AF16FF}.Ad-Hoc|ARM.Build.0 = Release|Any CPU
		{4FBD784D-1B5A-4EFD-979F-9806A9AF16FF}.Ad-Hoc|iPhone.ActiveCfg = Release|Any CPU
		{4FBD784D-1B5A-4EFD-979F-9806A9AF16FF}.Ad-Hoc|iPhone.Build.0 = Release|Any CPU
		{4FBD784D-1B5A-4EFD-979F-9806A9AF16FF}.Ad-Hoc|iPhoneSimulator.ActiveCfg = Release|Any CPU
		{4FBD784D-1B5A-4EFD-979F-9806A9AF16FF}.Ad-Hoc|iPhoneSimulator.Build.0 = Release|Any CPU
		{4FBD784D-1B5A-4EFD-979F-9806A9AF16FF}.Ad-Hoc|x64.ActiveCfg = Release|Any CPU
		{4FBD784D-1B5A-4EFD-979F-9806A9AF16FF}.Ad-Hoc|x64.Build.0 = Release|Any CPU
		{4FBD784D-1B5A-4EFD-979F-9806A9AF16FF}.Ad-Hoc|x86.ActiveCfg = Release|Any CPU
		{4FBD784D-1B5A-4EFD-979F-9806A9AF16FF}.Ad-Hoc|x86.Build.0 = Release|Any CPU
		{4FBD784D-1B5A-4EFD-979F-9806A9AF16FF}.AppStore|Any CPU.ActiveCfg = Release|Any CPU
		{4FBD784D-1B5A-4EFD-979F-9806A9AF16FF}.AppStore|Any CPU.Build.0 = Release|Any CPU
		{4FBD784D-1B5A-4EFD-979F-9806A9AF16FF}.AppStore|ARM.ActiveCfg = Release|Any CPU
		{4FBD784D-1B5A-4EFD-979F-9806A9AF16FF}.AppStore|ARM.Build.0 = Release|Any CPU
		{4FBD784D-1B5A-4EFD-979F-9806A9AF16FF}.AppStore|iPhone.ActiveCfg = Release|Any CPU
		{4FBD784D-1B5A-4EFD-979F-9806A9AF16FF}.AppStore|iPhone.Build.0 = Release|Any CPU
		{4FBD784D-1B5A-4EFD-979F-9806A9AF16FF}.AppStore|iPhoneSimulator.ActiveCfg = Release|Any CPU
		{4FBD784D-1B5A-4EFD-979F-9806A9AF16FF}.AppStore|iPhoneSimulator.Build.0 = Release|Any CPU
		{4FBD784D-1B5A-4EFD-979F-9806A9AF16FF}.AppStore|x64.ActiveCfg = Release|Any CPU
		{4FBD784D-1B5A-4EFD-979F-9806A9AF16FF}.AppStore|x64.Build.0 = Release|Any CPU
		{4FBD784D-1B5A-4EFD-979F-9806A9AF16FF}.AppStore|x86.ActiveCfg = Release|Any CPU
		{4FBD784D-1B5A-4EFD-979F-9806A9AF16FF}.AppStore|x86.Build.0 = Release|Any CPU
		{4FBD784D-1B5A-4EFD-979F-9806A9AF16FF}.Debug|Any CPU.ActiveCfg = Debug|Any CPU
		{4FBD784D-1B5A-4EFD-979F-9806A9AF16FF}.Debug|Any CPU.Build.0 = Debug|Any CPU
		{4FBD784D-1B5A-4EFD-979F-9806A9AF16FF}.Debug|ARM.ActiveCfg = Debug|Any CPU
		{4FBD784D-1B5A-4EFD-979F-9806A9AF16FF}.Debug|ARM.Build.0 = Debug|Any CPU
		{4FBD784D-1B5A-4EFD-979F-9806A9AF16FF}.Debug|iPhone.ActiveCfg = Debug|Any CPU
		{4FBD784D-1B5A-4EFD-979F-9806A9AF16FF}.Debug|iPhone.Build.0 = Debug|Any CPU
		{4FBD784D-1B5A-4EFD-979F-9806A9AF16FF}.Debug|iPhoneSimulator.ActiveCfg = Debug|Any CPU
		{4FBD784D-1B5A-4EFD-979F-9806A9AF16FF}.Debug|iPhoneSimulator.Build.0 = Debug|Any CPU
		{4FBD784D-1B5A-4EFD-979F-9806A9AF16FF}.Debug|x64.ActiveCfg = Debug|Any CPU
		{4FBD784D-1B5A-4EFD-979F-9806A9AF16FF}.Debug|x64.Build.0 = Debug|Any CPU
		{4FBD784D-1B5A-4EFD-979F-9806A9AF16FF}.Debug|x86.ActiveCfg = Debug|Any CPU
		{4FBD784D-1B5A-4EFD-979F-9806A9AF16FF}.Debug|x86.Build.0 = Debug|Any CPU
		{4FBD784D-1B5A-4EFD-979F-9806A9AF16FF}.Release|Any CPU.ActiveCfg = Release|Any CPU
		{4FBD784D-1B5A-4EFD-979F-9806A9AF16FF}.Release|Any CPU.Build.0 = Release|Any CPU
		{4FBD784D-1B5A-4EFD-979F-9806A9AF16FF}.Release|ARM.ActiveCfg = Release|Any CPU
		{4FBD784D-1B5A-4EFD-979F-9806A9AF16FF}.Release|ARM.Build.0 = Release|Any CPU
		{4FBD784D-1B5A-4EFD-979F-9806A9AF16FF}.Release|iPhone.ActiveCfg = Release|Any CPU
		{4FBD784D-1B5A-4EFD-979F-9806A9AF16FF}.Release|iPhone.Build.0 = Release|Any CPU
		{4FBD784D-1B5A-4EFD-979F-9806A9AF16FF}.Release|iPhoneSimulator.ActiveCfg = Release|Any CPU
		{4FBD784D-1B5A-4EFD-979F-9806A9AF16FF}.Release|iPhoneSimulator.Build.0 = Release|Any CPU
		{4FBD784D-1B5A-4EFD-979F-9806A9AF16FF}.Release|x64.ActiveCfg = Release|Any CPU
		{4FBD784D-1B5A-4EFD-979F-9806A9AF16FF}.Release|x64.Build.0 = Release|Any CPU
		{4FBD784D-1B5A-4EFD-979F-9806A9AF16FF}.Release|x86.ActiveCfg = Release|Any CPU
		{4FBD784D-1B5A-4EFD-979F-9806A9AF16FF}.Release|x86.Build.0 = Release|Any CPU
		{AC8781C8-04F9-4453-8633-A15D8BAD2FAC}.Ad-Hoc|Any CPU.ActiveCfg = Release|Any CPU
		{AC8781C8-04F9-4453-8633-A15D8BAD2FAC}.Ad-Hoc|Any CPU.Build.0 = Release|Any CPU
		{AC8781C8-04F9-4453-8633-A15D8BAD2FAC}.Ad-Hoc|ARM.ActiveCfg = Release|Any CPU
		{AC8781C8-04F9-4453-8633-A15D8BAD2FAC}.Ad-Hoc|ARM.Build.0 = Release|Any CPU
		{AC8781C8-04F9-4453-8633-A15D8BAD2FAC}.Ad-Hoc|iPhone.ActiveCfg = Release|Any CPU
		{AC8781C8-04F9-4453-8633-A15D8BAD2FAC}.Ad-Hoc|iPhone.Build.0 = Release|Any CPU
		{AC8781C8-04F9-4453-8633-A15D8BAD2FAC}.Ad-Hoc|iPhoneSimulator.ActiveCfg = Release|Any CPU
		{AC8781C8-04F9-4453-8633-A15D8BAD2FAC}.Ad-Hoc|iPhoneSimulator.Build.0 = Release|Any CPU
		{AC8781C8-04F9-4453-8633-A15D8BAD2FAC}.Ad-Hoc|x64.ActiveCfg = Release|Any CPU
		{AC8781C8-04F9-4453-8633-A15D8BAD2FAC}.Ad-Hoc|x64.Build.0 = Release|Any CPU
		{AC8781C8-04F9-4453-8633-A15D8BAD2FAC}.Ad-Hoc|x86.ActiveCfg = Release|Any CPU
		{AC8781C8-04F9-4453-8633-A15D8BAD2FAC}.Ad-Hoc|x86.Build.0 = Release|Any CPU
		{AC8781C8-04F9-4453-8633-A15D8BAD2FAC}.AppStore|Any CPU.ActiveCfg = Release|Any CPU
		{AC8781C8-04F9-4453-8633-A15D8BAD2FAC}.AppStore|Any CPU.Build.0 = Release|Any CPU
		{AC8781C8-04F9-4453-8633-A15D8BAD2FAC}.AppStore|ARM.ActiveCfg = Release|Any CPU
		{AC8781C8-04F9-4453-8633-A15D8BAD2FAC}.AppStore|ARM.Build.0 = Release|Any CPU
		{AC8781C8-04F9-4453-8633-A15D8BAD2FAC}.AppStore|iPhone.ActiveCfg = Release|Any CPU
		{AC8781C8-04F9-4453-8633-A15D8BAD2FAC}.AppStore|iPhone.Build.0 = Release|Any CPU
		{AC8781C8-04F9-4453-8633-A15D8BAD2FAC}.AppStore|iPhoneSimulator.ActiveCfg = Release|Any CPU
		{AC8781C8-04F9-4453-8633-A15D8BAD2FAC}.AppStore|iPhoneSimulator.Build.0 = Release|Any CPU
		{AC8781C8-04F9-4453-8633-A15D8BAD2FAC}.AppStore|x64.ActiveCfg = Release|Any CPU
		{AC8781C8-04F9-4453-8633-A15D8BAD2FAC}.AppStore|x64.Build.0 = Release|Any CPU
		{AC8781C8-04F9-4453-8633-A15D8BAD2FAC}.AppStore|x86.ActiveCfg = Release|Any CPU
		{AC8781C8-04F9-4453-8633-A15D8BAD2FAC}.AppStore|x86.Build.0 = Release|Any CPU
		{AC8781C8-04F9-4453-8633-A15D8BAD2FAC}.Debug|Any CPU.ActiveCfg = Debug|Any CPU
		{AC8781C8-04F9-4453-8633-A15D8BAD2FAC}.Debug|Any CPU.Build.0 = Debug|Any CPU
		{AC8781C8-04F9-4453-8633-A15D8BAD2FAC}.Debug|ARM.ActiveCfg = Debug|Any CPU
		{AC8781C8-04F9-4453-8633-A15D8BAD2FAC}.Debug|ARM.Build.0 = Debug|Any CPU
		{AC8781C8-04F9-4453-8633-A15D8BAD2FAC}.Debug|iPhone.ActiveCfg = Debug|Any CPU
		{AC8781C8-04F9-4453-8633-A15D8BAD2FAC}.Debug|iPhone.Build.0 = Debug|Any CPU
		{AC8781C8-04F9-4453-8633-A15D8BAD2FAC}.Debug|iPhoneSimulator.ActiveCfg = Debug|Any CPU
		{AC8781C8-04F9-4453-8633-A15D8BAD2FAC}.Debug|iPhoneSimulator.Build.0 = Debug|Any CPU
		{AC8781C8-04F9-4453-8633-A15D8BAD2FAC}.Debug|x64.ActiveCfg = Debug|Any CPU
		{AC8781C8-04F9-4453-8633-A15D8BAD2FAC}.Debug|x64.Build.0 = Debug|Any CPU
		{AC8781C8-04F9-4453-8633-A15D8BAD2FAC}.Debug|x86.ActiveCfg = Debug|Any CPU
		{AC8781C8-04F9-4453-8633-A15D8BAD2FAC}.Debug|x86.Build.0 = Debug|Any CPU
		{AC8781C8-04F9-4453-8633-A15D8BAD2FAC}.Release|Any CPU.ActiveCfg = Release|Any CPU
		{AC8781C8-04F9-4453-8633-A15D8BAD2FAC}.Release|Any CPU.Build.0 = Release|Any CPU
		{AC8781C8-04F9-4453-8633-A15D8BAD2FAC}.Release|ARM.ActiveCfg = Release|Any CPU
		{AC8781C8-04F9-4453-8633-A15D8BAD2FAC}.Release|ARM.Build.0 = Release|Any CPU
		{AC8781C8-04F9-4453-8633-A15D8BAD2FAC}.Release|iPhone.ActiveCfg = Release|Any CPU
		{AC8781C8-04F9-4453-8633-A15D8BAD2FAC}.Release|iPhone.Build.0 = Release|Any CPU
		{AC8781C8-04F9-4453-8633-A15D8BAD2FAC}.Release|iPhoneSimulator.ActiveCfg = Release|Any CPU
		{AC8781C8-04F9-4453-8633-A15D8BAD2FAC}.Release|iPhoneSimulator.Build.0 = Release|Any CPU
		{AC8781C8-04F9-4453-8633-A15D8BAD2FAC}.Release|x64.ActiveCfg = Release|Any CPU
		{AC8781C8-04F9-4453-8633-A15D8BAD2FAC}.Release|x64.Build.0 = Release|Any CPU
		{AC8781C8-04F9-4453-8633-A15D8BAD2FAC}.Release|x86.ActiveCfg = Release|Any CPU
		{AC8781C8-04F9-4453-8633-A15D8BAD2FAC}.Release|x86.Build.0 = Release|Any CPU
		{7D7A5ADE-F9DE-4352-AF94-DECC0A24E7E2}.Ad-Hoc|Any CPU.ActiveCfg = Release|Any CPU
		{7D7A5ADE-F9DE-4352-AF94-DECC0A24E7E2}.Ad-Hoc|Any CPU.Build.0 = Release|Any CPU
		{7D7A5ADE-F9DE-4352-AF94-DECC0A24E7E2}.Ad-Hoc|ARM.ActiveCfg = Release|Any CPU
		{7D7A5ADE-F9DE-4352-AF94-DECC0A24E7E2}.Ad-Hoc|ARM.Build.0 = Release|Any CPU
		{7D7A5ADE-F9DE-4352-AF94-DECC0A24E7E2}.Ad-Hoc|iPhone.ActiveCfg = Release|Any CPU
		{7D7A5ADE-F9DE-4352-AF94-DECC0A24E7E2}.Ad-Hoc|iPhone.Build.0 = Release|Any CPU
		{7D7A5ADE-F9DE-4352-AF94-DECC0A24E7E2}.Ad-Hoc|iPhoneSimulator.ActiveCfg = Release|Any CPU
		{7D7A5ADE-F9DE-4352-AF94-DECC0A24E7E2}.Ad-Hoc|iPhoneSimulator.Build.0 = Release|Any CPU
		{7D7A5ADE-F9DE-4352-AF94-DECC0A24E7E2}.Ad-Hoc|x64.ActiveCfg = Release|Any CPU
		{7D7A5ADE-F9DE-4352-AF94-DECC0A24E7E2}.Ad-Hoc|x64.Build.0 = Release|Any CPU
		{7D7A5ADE-F9DE-4352-AF94-DECC0A24E7E2}.Ad-Hoc|x86.ActiveCfg = Release|Any CPU
		{7D7A5ADE-F9DE-4352-AF94-DECC0A24E7E2}.Ad-Hoc|x86.Build.0 = Release|Any CPU
		{7D7A5ADE-F9DE-4352-AF94-DECC0A24E7E2}.AppStore|Any CPU.ActiveCfg = Release|Any CPU
		{7D7A5ADE-F9DE-4352-AF94-DECC0A24E7E2}.AppStore|Any CPU.Build.0 = Release|Any CPU
		{7D7A5ADE-F9DE-4352-AF94-DECC0A24E7E2}.AppStore|ARM.ActiveCfg = Release|Any CPU
		{7D7A5ADE-F9DE-4352-AF94-DECC0A24E7E2}.AppStore|ARM.Build.0 = Release|Any CPU
		{7D7A5ADE-F9DE-4352-AF94-DECC0A24E7E2}.AppStore|iPhone.ActiveCfg = Release|Any CPU
		{7D7A5ADE-F9DE-4352-AF94-DECC0A24E7E2}.AppStore|iPhone.Build.0 = Release|Any CPU
		{7D7A5ADE-F9DE-4352-AF94-DECC0A24E7E2}.AppStore|iPhoneSimulator.ActiveCfg = Release|Any CPU
		{7D7A5ADE-F9DE-4352-AF94-DECC0A24E7E2}.AppStore|iPhoneSimulator.Build.0 = Release|Any CPU
		{7D7A5ADE-F9DE-4352-AF94-DECC0A24E7E2}.AppStore|x64.ActiveCfg = Release|Any CPU
		{7D7A5ADE-F9DE-4352-AF94-DECC0A24E7E2}.AppStore|x64.Build.0 = Release|Any CPU
		{7D7A5ADE-F9DE-4352-AF94-DECC0A24E7E2}.AppStore|x86.ActiveCfg = Release|Any CPU
		{7D7A5ADE-F9DE-4352-AF94-DECC0A24E7E2}.AppStore|x86.Build.0 = Release|Any CPU
		{7D7A5ADE-F9DE-4352-AF94-DECC0A24E7E2}.Debug|Any CPU.ActiveCfg = Debug|Any CPU
		{7D7A5ADE-F9DE-4352-AF94-DECC0A24E7E2}.Debug|Any CPU.Build.0 = Debug|Any CPU
		{7D7A5ADE-F9DE-4352-AF94-DECC0A24E7E2}.Debug|ARM.ActiveCfg = Debug|Any CPU
		{7D7A5ADE-F9DE-4352-AF94-DECC0A24E7E2}.Debug|ARM.Build.0 = Debug|Any CPU
		{7D7A5ADE-F9DE-4352-AF94-DECC0A24E7E2}.Debug|iPhone.ActiveCfg = Debug|Any CPU
		{7D7A5ADE-F9DE-4352-AF94-DECC0A24E7E2}.Debug|iPhone.Build.0 = Debug|Any CPU
		{7D7A5ADE-F9DE-4352-AF94-DECC0A24E7E2}.Debug|iPhoneSimulator.ActiveCfg = Debug|Any CPU
		{7D7A5ADE-F9DE-4352-AF94-DECC0A24E7E2}.Debug|iPhoneSimulator.Build.0 = Debug|Any CPU
		{7D7A5ADE-F9DE-4352-AF94-DECC0A24E7E2}.Debug|x64.ActiveCfg = Debug|Any CPU
		{7D7A5ADE-F9DE-4352-AF94-DECC0A24E7E2}.Debug|x64.Build.0 = Debug|Any CPU
		{7D7A5ADE-F9DE-4352-AF94-DECC0A24E7E2}.Debug|x86.ActiveCfg = Debug|Any CPU
		{7D7A5ADE-F9DE-4352-AF94-DECC0A24E7E2}.Debug|x86.Build.0 = Debug|Any CPU
		{7D7A5ADE-F9DE-4352-AF94-DECC0A24E7E2}.Release|Any CPU.ActiveCfg = Release|Any CPU
		{7D7A5ADE-F9DE-4352-AF94-DECC0A24E7E2}.Release|Any CPU.Build.0 = Release|Any CPU
		{7D7A5ADE-F9DE-4352-AF94-DECC0A24E7E2}.Release|ARM.ActiveCfg = Release|Any CPU
		{7D7A5ADE-F9DE-4352-AF94-DECC0A24E7E2}.Release|ARM.Build.0 = Release|Any CPU
		{7D7A5ADE-F9DE-4352-AF94-DECC0A24E7E2}.Release|iPhone.ActiveCfg = Release|Any CPU
		{7D7A5ADE-F9DE-4352-AF94-DECC0A24E7E2}.Release|iPhone.Build.0 = Release|Any CPU
		{7D7A5ADE-F9DE-4352-AF94-DECC0A24E7E2}.Release|iPhoneSimulator.ActiveCfg = Release|Any CPU
		{7D7A5ADE-F9DE-4352-AF94-DECC0A24E7E2}.Release|iPhoneSimulator.Build.0 = Release|Any CPU
		{7D7A5ADE-F9DE-4352-AF94-DECC0A24E7E2}.Release|x64.ActiveCfg = Release|Any CPU
		{7D7A5ADE-F9DE-4352-AF94-DECC0A24E7E2}.Release|x64.Build.0 = Release|Any CPU
		{7D7A5ADE-F9DE-4352-AF94-DECC0A24E7E2}.Release|x86.ActiveCfg = Release|Any CPU
		{7D7A5ADE-F9DE-4352-AF94-DECC0A24E7E2}.Release|x86.Build.0 = Release|Any CPU
		{6142A79A-FAD8-4E1A-A43A-EB897F1DF426}.Ad-Hoc|Any CPU.ActiveCfg = Debug|Any CPU
		{6142A79A-FAD8-4E1A-A43A-EB897F1DF426}.Ad-Hoc|Any CPU.Build.0 = Debug|Any CPU
		{6142A79A-FAD8-4E1A-A43A-EB897F1DF426}.Ad-Hoc|ARM.ActiveCfg = Debug|Any CPU
		{6142A79A-FAD8-4E1A-A43A-EB897F1DF426}.Ad-Hoc|ARM.Build.0 = Debug|Any CPU
		{6142A79A-FAD8-4E1A-A43A-EB897F1DF426}.Ad-Hoc|iPhone.ActiveCfg = Debug|Any CPU
		{6142A79A-FAD8-4E1A-A43A-EB897F1DF426}.Ad-Hoc|iPhone.Build.0 = Debug|Any CPU
		{6142A79A-FAD8-4E1A-A43A-EB897F1DF426}.Ad-Hoc|iPhoneSimulator.ActiveCfg = Debug|Any CPU
		{6142A79A-FAD8-4E1A-A43A-EB897F1DF426}.Ad-Hoc|iPhoneSimulator.Build.0 = Debug|Any CPU
		{6142A79A-FAD8-4E1A-A43A-EB897F1DF426}.Ad-Hoc|x64.ActiveCfg = Debug|Any CPU
		{6142A79A-FAD8-4E1A-A43A-EB897F1DF426}.Ad-Hoc|x64.Build.0 = Debug|Any CPU
		{6142A79A-FAD8-4E1A-A43A-EB897F1DF426}.Ad-Hoc|x86.ActiveCfg = Debug|Any CPU
		{6142A79A-FAD8-4E1A-A43A-EB897F1DF426}.Ad-Hoc|x86.Build.0 = Debug|Any CPU
		{6142A79A-FAD8-4E1A-A43A-EB897F1DF426}.AppStore|Any CPU.ActiveCfg = Debug|Any CPU
		{6142A79A-FAD8-4E1A-A43A-EB897F1DF426}.AppStore|Any CPU.Build.0 = Debug|Any CPU
		{6142A79A-FAD8-4E1A-A43A-EB897F1DF426}.AppStore|ARM.ActiveCfg = Debug|Any CPU
		{6142A79A-FAD8-4E1A-A43A-EB897F1DF426}.AppStore|ARM.Build.0 = Debug|Any CPU
		{6142A79A-FAD8-4E1A-A43A-EB897F1DF426}.AppStore|iPhone.ActiveCfg = Debug|Any CPU
		{6142A79A-FAD8-4E1A-A43A-EB897F1DF426}.AppStore|iPhone.Build.0 = Debug|Any CPU
		{6142A79A-FAD8-4E1A-A43A-EB897F1DF426}.AppStore|iPhoneSimulator.ActiveCfg = Debug|Any CPU
		{6142A79A-FAD8-4E1A-A43A-EB897F1DF426}.AppStore|iPhoneSimulator.Build.0 = Debug|Any CPU
		{6142A79A-FAD8-4E1A-A43A-EB897F1DF426}.AppStore|x64.ActiveCfg = Debug|Any CPU
		{6142A79A-FAD8-4E1A-A43A-EB897F1DF426}.AppStore|x64.Build.0 = Debug|Any CPU
		{6142A79A-FAD8-4E1A-A43A-EB897F1DF426}.AppStore|x86.ActiveCfg = Debug|Any CPU
		{6142A79A-FAD8-4E1A-A43A-EB897F1DF426}.AppStore|x86.Build.0 = Debug|Any CPU
		{6142A79A-FAD8-4E1A-A43A-EB897F1DF426}.Debug|Any CPU.ActiveCfg = Debug|Any CPU
		{6142A79A-FAD8-4E1A-A43A-EB897F1DF426}.Debug|Any CPU.Build.0 = Debug|Any CPU
		{6142A79A-FAD8-4E1A-A43A-EB897F1DF426}.Debug|ARM.ActiveCfg = Debug|Any CPU
		{6142A79A-FAD8-4E1A-A43A-EB897F1DF426}.Debug|ARM.Build.0 = Debug|Any CPU
		{6142A79A-FAD8-4E1A-A43A-EB897F1DF426}.Debug|iPhone.ActiveCfg = Debug|Any CPU
		{6142A79A-FAD8-4E1A-A43A-EB897F1DF426}.Debug|iPhone.Build.0 = Debug|Any CPU
		{6142A79A-FAD8-4E1A-A43A-EB897F1DF426}.Debug|iPhoneSimulator.ActiveCfg = Debug|Any CPU
		{6142A79A-FAD8-4E1A-A43A-EB897F1DF426}.Debug|iPhoneSimulator.Build.0 = Debug|Any CPU
		{6142A79A-FAD8-4E1A-A43A-EB897F1DF426}.Debug|x64.ActiveCfg = Debug|Any CPU
		{6142A79A-FAD8-4E1A-A43A-EB897F1DF426}.Debug|x64.Build.0 = Debug|Any CPU
		{6142A79A-FAD8-4E1A-A43A-EB897F1DF426}.Debug|x86.ActiveCfg = Debug|Any CPU
		{6142A79A-FAD8-4E1A-A43A-EB897F1DF426}.Debug|x86.Build.0 = Debug|Any CPU
		{6142A79A-FAD8-4E1A-A43A-EB897F1DF426}.Release|Any CPU.ActiveCfg = Release|Any CPU
		{6142A79A-FAD8-4E1A-A43A-EB897F1DF426}.Release|Any CPU.Build.0 = Release|Any CPU
		{6142A79A-FAD8-4E1A-A43A-EB897F1DF426}.Release|ARM.ActiveCfg = Release|Any CPU
		{6142A79A-FAD8-4E1A-A43A-EB897F1DF426}.Release|ARM.Build.0 = Release|Any CPU
		{6142A79A-FAD8-4E1A-A43A-EB897F1DF426}.Release|iPhone.ActiveCfg = Release|Any CPU
		{6142A79A-FAD8-4E1A-A43A-EB897F1DF426}.Release|iPhone.Build.0 = Release|Any CPU
		{6142A79A-FAD8-4E1A-A43A-EB897F1DF426}.Release|iPhoneSimulator.ActiveCfg = Release|Any CPU
		{6142A79A-FAD8-4E1A-A43A-EB897F1DF426}.Release|iPhoneSimulator.Build.0 = Release|Any CPU
		{6142A79A-FAD8-4E1A-A43A-EB897F1DF426}.Release|x64.ActiveCfg = Release|Any CPU
		{6142A79A-FAD8-4E1A-A43A-EB897F1DF426}.Release|x64.Build.0 = Release|Any CPU
		{6142A79A-FAD8-4E1A-A43A-EB897F1DF426}.Release|x86.ActiveCfg = Release|Any CPU
		{6142A79A-FAD8-4E1A-A43A-EB897F1DF426}.Release|x86.Build.0 = Release|Any CPU
		{F4F19352-CF04-4B2F-B123-CB050D66A2CA}.Ad-Hoc|Any CPU.ActiveCfg = Release|Any CPU
		{F4F19352-CF04-4B2F-B123-CB050D66A2CA}.Ad-Hoc|Any CPU.Build.0 = Release|Any CPU
		{F4F19352-CF04-4B2F-B123-CB050D66A2CA}.Ad-Hoc|Any CPU.Deploy.0 = Release|Any CPU
		{F4F19352-CF04-4B2F-B123-CB050D66A2CA}.Ad-Hoc|ARM.ActiveCfg = Release|Any CPU
		{F4F19352-CF04-4B2F-B123-CB050D66A2CA}.Ad-Hoc|ARM.Build.0 = Release|Any CPU
		{F4F19352-CF04-4B2F-B123-CB050D66A2CA}.Ad-Hoc|ARM.Deploy.0 = Release|Any CPU
		{F4F19352-CF04-4B2F-B123-CB050D66A2CA}.Ad-Hoc|iPhone.ActiveCfg = Release|Any CPU
		{F4F19352-CF04-4B2F-B123-CB050D66A2CA}.Ad-Hoc|iPhone.Build.0 = Release|Any CPU
		{F4F19352-CF04-4B2F-B123-CB050D66A2CA}.Ad-Hoc|iPhone.Deploy.0 = Release|Any CPU
		{F4F19352-CF04-4B2F-B123-CB050D66A2CA}.Ad-Hoc|iPhoneSimulator.ActiveCfg = Release|Any CPU
		{F4F19352-CF04-4B2F-B123-CB050D66A2CA}.Ad-Hoc|iPhoneSimulator.Build.0 = Release|Any CPU
		{F4F19352-CF04-4B2F-B123-CB050D66A2CA}.Ad-Hoc|iPhoneSimulator.Deploy.0 = Release|Any CPU
		{F4F19352-CF04-4B2F-B123-CB050D66A2CA}.Ad-Hoc|x64.ActiveCfg = Release|Any CPU
		{F4F19352-CF04-4B2F-B123-CB050D66A2CA}.Ad-Hoc|x64.Build.0 = Release|Any CPU
		{F4F19352-CF04-4B2F-B123-CB050D66A2CA}.Ad-Hoc|x64.Deploy.0 = Release|Any CPU
		{F4F19352-CF04-4B2F-B123-CB050D66A2CA}.Ad-Hoc|x86.ActiveCfg = Release|Any CPU
		{F4F19352-CF04-4B2F-B123-CB050D66A2CA}.Ad-Hoc|x86.Build.0 = Release|Any CPU
		{F4F19352-CF04-4B2F-B123-CB050D66A2CA}.Ad-Hoc|x86.Deploy.0 = Release|Any CPU
		{F4F19352-CF04-4B2F-B123-CB050D66A2CA}.AppStore|Any CPU.ActiveCfg = Release|Any CPU
		{F4F19352-CF04-4B2F-B123-CB050D66A2CA}.AppStore|Any CPU.Build.0 = Release|Any CPU
		{F4F19352-CF04-4B2F-B123-CB050D66A2CA}.AppStore|Any CPU.Deploy.0 = Release|Any CPU
		{F4F19352-CF04-4B2F-B123-CB050D66A2CA}.AppStore|ARM.ActiveCfg = Release|Any CPU
		{F4F19352-CF04-4B2F-B123-CB050D66A2CA}.AppStore|ARM.Build.0 = Release|Any CPU
		{F4F19352-CF04-4B2F-B123-CB050D66A2CA}.AppStore|ARM.Deploy.0 = Release|Any CPU
		{F4F19352-CF04-4B2F-B123-CB050D66A2CA}.AppStore|iPhone.ActiveCfg = Release|Any CPU
		{F4F19352-CF04-4B2F-B123-CB050D66A2CA}.AppStore|iPhone.Build.0 = Release|Any CPU
		{F4F19352-CF04-4B2F-B123-CB050D66A2CA}.AppStore|iPhone.Deploy.0 = Release|Any CPU
		{F4F19352-CF04-4B2F-B123-CB050D66A2CA}.AppStore|iPhoneSimulator.ActiveCfg = Release|Any CPU
		{F4F19352-CF04-4B2F-B123-CB050D66A2CA}.AppStore|iPhoneSimulator.Build.0 = Release|Any CPU
		{F4F19352-CF04-4B2F-B123-CB050D66A2CA}.AppStore|iPhoneSimulator.Deploy.0 = Release|Any CPU
		{F4F19352-CF04-4B2F-B123-CB050D66A2CA}.AppStore|x64.ActiveCfg = Release|Any CPU
		{F4F19352-CF04-4B2F-B123-CB050D66A2CA}.AppStore|x64.Build.0 = Release|Any CPU
		{F4F19352-CF04-4B2F-B123-CB050D66A2CA}.AppStore|x64.Deploy.0 = Release|Any CPU
		{F4F19352-CF04-4B2F-B123-CB050D66A2CA}.AppStore|x86.ActiveCfg = Release|Any CPU
		{F4F19352-CF04-4B2F-B123-CB050D66A2CA}.AppStore|x86.Build.0 = Release|Any CPU
		{F4F19352-CF04-4B2F-B123-CB050D66A2CA}.AppStore|x86.Deploy.0 = Release|Any CPU
		{F4F19352-CF04-4B2F-B123-CB050D66A2CA}.Debug|Any CPU.ActiveCfg = Debug|Any CPU
		{F4F19352-CF04-4B2F-B123-CB050D66A2CA}.Debug|Any CPU.Build.0 = Debug|Any CPU
		{F4F19352-CF04-4B2F-B123-CB050D66A2CA}.Debug|Any CPU.Deploy.0 = Debug|Any CPU
		{F4F19352-CF04-4B2F-B123-CB050D66A2CA}.Debug|ARM.ActiveCfg = Debug|Any CPU
		{F4F19352-CF04-4B2F-B123-CB050D66A2CA}.Debug|ARM.Build.0 = Debug|Any CPU
		{F4F19352-CF04-4B2F-B123-CB050D66A2CA}.Debug|ARM.Deploy.0 = Debug|Any CPU
		{F4F19352-CF04-4B2F-B123-CB050D66A2CA}.Debug|iPhone.ActiveCfg = Debug|Any CPU
		{F4F19352-CF04-4B2F-B123-CB050D66A2CA}.Debug|iPhone.Build.0 = Debug|Any CPU
		{F4F19352-CF04-4B2F-B123-CB050D66A2CA}.Debug|iPhone.Deploy.0 = Debug|Any CPU
		{F4F19352-CF04-4B2F-B123-CB050D66A2CA}.Debug|iPhoneSimulator.ActiveCfg = Debug|Any CPU
		{F4F19352-CF04-4B2F-B123-CB050D66A2CA}.Debug|iPhoneSimulator.Build.0 = Debug|Any CPU
		{F4F19352-CF04-4B2F-B123-CB050D66A2CA}.Debug|iPhoneSimulator.Deploy.0 = Debug|Any CPU
		{F4F19352-CF04-4B2F-B123-CB050D66A2CA}.Debug|x64.ActiveCfg = Debug|Any CPU
		{F4F19352-CF04-4B2F-B123-CB050D66A2CA}.Debug|x64.Build.0 = Debug|Any CPU
		{F4F19352-CF04-4B2F-B123-CB050D66A2CA}.Debug|x64.Deploy.0 = Debug|Any CPU
		{F4F19352-CF04-4B2F-B123-CB050D66A2CA}.Debug|x86.ActiveCfg = Debug|Any CPU
		{F4F19352-CF04-4B2F-B123-CB050D66A2CA}.Debug|x86.Build.0 = Debug|Any CPU
		{F4F19352-CF04-4B2F-B123-CB050D66A2CA}.Debug|x86.Deploy.0 = Debug|Any CPU
		{F4F19352-CF04-4B2F-B123-CB050D66A2CA}.Release|Any CPU.ActiveCfg = Release|Any CPU
		{F4F19352-CF04-4B2F-B123-CB050D66A2CA}.Release|Any CPU.Build.0 = Release|Any CPU
		{F4F19352-CF04-4B2F-B123-CB050D66A2CA}.Release|Any CPU.Deploy.0 = Release|Any CPU
		{F4F19352-CF04-4B2F-B123-CB050D66A2CA}.Release|ARM.ActiveCfg = Release|Any CPU
		{F4F19352-CF04-4B2F-B123-CB050D66A2CA}.Release|ARM.Build.0 = Release|Any CPU
		{F4F19352-CF04-4B2F-B123-CB050D66A2CA}.Release|ARM.Deploy.0 = Release|Any CPU
		{F4F19352-CF04-4B2F-B123-CB050D66A2CA}.Release|iPhone.ActiveCfg = Release|Any CPU
		{F4F19352-CF04-4B2F-B123-CB050D66A2CA}.Release|iPhone.Build.0 = Release|Any CPU
		{F4F19352-CF04-4B2F-B123-CB050D66A2CA}.Release|iPhone.Deploy.0 = Release|Any CPU
		{F4F19352-CF04-4B2F-B123-CB050D66A2CA}.Release|iPhoneSimulator.ActiveCfg = Release|Any CPU
		{F4F19352-CF04-4B2F-B123-CB050D66A2CA}.Release|iPhoneSimulator.Build.0 = Release|Any CPU
		{F4F19352-CF04-4B2F-B123-CB050D66A2CA}.Release|iPhoneSimulator.Deploy.0 = Release|Any CPU
		{F4F19352-CF04-4B2F-B123-CB050D66A2CA}.Release|x64.ActiveCfg = Release|Any CPU
		{F4F19352-CF04-4B2F-B123-CB050D66A2CA}.Release|x64.Build.0 = Release|Any CPU
		{F4F19352-CF04-4B2F-B123-CB050D66A2CA}.Release|x64.Deploy.0 = Release|Any CPU
		{F4F19352-CF04-4B2F-B123-CB050D66A2CA}.Release|x86.ActiveCfg = Release|Any CPU
		{F4F19352-CF04-4B2F-B123-CB050D66A2CA}.Release|x86.Build.0 = Release|Any CPU
		{F4F19352-CF04-4B2F-B123-CB050D66A2CA}.Release|x86.Deploy.0 = Release|Any CPU
		{48F78079-1337-4333-8904-E63EDE221BA9}.Ad-Hoc|Any CPU.ActiveCfg = Release|iPhone
		{48F78079-1337-4333-8904-E63EDE221BA9}.Ad-Hoc|ARM.ActiveCfg = Ad-Hoc|iPhone
		{48F78079-1337-4333-8904-E63EDE221BA9}.Ad-Hoc|iPhone.ActiveCfg = Ad-Hoc|iPhone
		{48F78079-1337-4333-8904-E63EDE221BA9}.Ad-Hoc|iPhone.Build.0 = Ad-Hoc|iPhone
		{48F78079-1337-4333-8904-E63EDE221BA9}.Ad-Hoc|iPhoneSimulator.ActiveCfg = Ad-Hoc|iPhoneSimulator
		{48F78079-1337-4333-8904-E63EDE221BA9}.Ad-Hoc|iPhoneSimulator.Build.0 = Ad-Hoc|iPhoneSimulator
		{48F78079-1337-4333-8904-E63EDE221BA9}.Ad-Hoc|x64.ActiveCfg = Ad-Hoc|iPhone
		{48F78079-1337-4333-8904-E63EDE221BA9}.Ad-Hoc|x86.ActiveCfg = Ad-Hoc|iPhone
		{48F78079-1337-4333-8904-E63EDE221BA9}.AppStore|Any CPU.ActiveCfg = Release|iPhone
		{48F78079-1337-4333-8904-E63EDE221BA9}.AppStore|ARM.ActiveCfg = AppStore|iPhone
		{48F78079-1337-4333-8904-E63EDE221BA9}.AppStore|iPhone.ActiveCfg = AppStore|iPhone
		{48F78079-1337-4333-8904-E63EDE221BA9}.AppStore|iPhone.Build.0 = AppStore|iPhone
		{48F78079-1337-4333-8904-E63EDE221BA9}.AppStore|iPhoneSimulator.ActiveCfg = AppStore|iPhoneSimulator
		{48F78079-1337-4333-8904-E63EDE221BA9}.AppStore|iPhoneSimulator.Build.0 = AppStore|iPhoneSimulator
		{48F78079-1337-4333-8904-E63EDE221BA9}.AppStore|x64.ActiveCfg = AppStore|iPhone
		{48F78079-1337-4333-8904-E63EDE221BA9}.AppStore|x86.ActiveCfg = AppStore|iPhone
		{48F78079-1337-4333-8904-E63EDE221BA9}.Debug|Any CPU.ActiveCfg = Debug|iPhone
		{48F78079-1337-4333-8904-E63EDE221BA9}.Debug|ARM.ActiveCfg = Debug|iPhone
		{48F78079-1337-4333-8904-E63EDE221BA9}.Debug|iPhone.ActiveCfg = Debug|iPhone
		{48F78079-1337-4333-8904-E63EDE221BA9}.Debug|iPhone.Build.0 = Debug|iPhone
		{48F78079-1337-4333-8904-E63EDE221BA9}.Debug|iPhoneSimulator.ActiveCfg = Debug|iPhoneSimulator
		{48F78079-1337-4333-8904-E63EDE221BA9}.Debug|iPhoneSimulator.Build.0 = Debug|iPhoneSimulator
		{48F78079-1337-4333-8904-E63EDE221BA9}.Debug|x64.ActiveCfg = Debug|iPhone
		{48F78079-1337-4333-8904-E63EDE221BA9}.Debug|x86.ActiveCfg = Debug|iPhone
		{48F78079-1337-4333-8904-E63EDE221BA9}.Release|Any CPU.ActiveCfg = Release|iPhone
		{48F78079-1337-4333-8904-E63EDE221BA9}.Release|ARM.ActiveCfg = Release|iPhone
		{48F78079-1337-4333-8904-E63EDE221BA9}.Release|iPhone.ActiveCfg = Release|iPhone
		{48F78079-1337-4333-8904-E63EDE221BA9}.Release|iPhone.Build.0 = Release|iPhone
		{48F78079-1337-4333-8904-E63EDE221BA9}.Release|iPhoneSimulator.ActiveCfg = Release|iPhoneSimulator
		{48F78079-1337-4333-8904-E63EDE221BA9}.Release|iPhoneSimulator.Build.0 = Release|iPhoneSimulator
		{48F78079-1337-4333-8904-E63EDE221BA9}.Release|x64.ActiveCfg = Release|iPhone
		{48F78079-1337-4333-8904-E63EDE221BA9}.Release|x86.ActiveCfg = Release|iPhone
		{F6C60C42-A40C-4F16-85F5-1D963E833F72}.Ad-Hoc|Any CPU.ActiveCfg = Release|x86
		{F6C60C42-A40C-4F16-85F5-1D963E833F72}.Ad-Hoc|Any CPU.Build.0 = Release|x86
		{F6C60C42-A40C-4F16-85F5-1D963E833F72}.Ad-Hoc|Any CPU.Deploy.0 = Release|x86
		{F6C60C42-A40C-4F16-85F5-1D963E833F72}.Ad-Hoc|ARM.ActiveCfg = Release|ARM
		{F6C60C42-A40C-4F16-85F5-1D963E833F72}.Ad-Hoc|ARM.Build.0 = Release|ARM
		{F6C60C42-A40C-4F16-85F5-1D963E833F72}.Ad-Hoc|ARM.Deploy.0 = Release|ARM
		{F6C60C42-A40C-4F16-85F5-1D963E833F72}.Ad-Hoc|iPhone.ActiveCfg = Release|x86
		{F6C60C42-A40C-4F16-85F5-1D963E833F72}.Ad-Hoc|iPhone.Build.0 = Release|x86
		{F6C60C42-A40C-4F16-85F5-1D963E833F72}.Ad-Hoc|iPhone.Deploy.0 = Release|x86
		{F6C60C42-A40C-4F16-85F5-1D963E833F72}.Ad-Hoc|iPhoneSimulator.ActiveCfg = Release|x86
		{F6C60C42-A40C-4F16-85F5-1D963E833F72}.Ad-Hoc|iPhoneSimulator.Build.0 = Release|x86
		{F6C60C42-A40C-4F16-85F5-1D963E833F72}.Ad-Hoc|iPhoneSimulator.Deploy.0 = Release|x86
		{F6C60C42-A40C-4F16-85F5-1D963E833F72}.Ad-Hoc|x64.ActiveCfg = Release|x64
		{F6C60C42-A40C-4F16-85F5-1D963E833F72}.Ad-Hoc|x64.Build.0 = Release|x64
		{F6C60C42-A40C-4F16-85F5-1D963E833F72}.Ad-Hoc|x64.Deploy.0 = Release|x64
		{F6C60C42-A40C-4F16-85F5-1D963E833F72}.Ad-Hoc|x86.ActiveCfg = Release|x86
		{F6C60C42-A40C-4F16-85F5-1D963E833F72}.Ad-Hoc|x86.Build.0 = Release|x86
		{F6C60C42-A40C-4F16-85F5-1D963E833F72}.Ad-Hoc|x86.Deploy.0 = Release|x86
		{F6C60C42-A40C-4F16-85F5-1D963E833F72}.AppStore|Any CPU.ActiveCfg = Release|x86
		{F6C60C42-A40C-4F16-85F5-1D963E833F72}.AppStore|Any CPU.Build.0 = Release|x86
		{F6C60C42-A40C-4F16-85F5-1D963E833F72}.AppStore|Any CPU.Deploy.0 = Release|x86
		{F6C60C42-A40C-4F16-85F5-1D963E833F72}.AppStore|ARM.ActiveCfg = Release|ARM
		{F6C60C42-A40C-4F16-85F5-1D963E833F72}.AppStore|ARM.Build.0 = Release|ARM
		{F6C60C42-A40C-4F16-85F5-1D963E833F72}.AppStore|ARM.Deploy.0 = Release|ARM
		{F6C60C42-A40C-4F16-85F5-1D963E833F72}.AppStore|iPhone.ActiveCfg = Release|x86
		{F6C60C42-A40C-4F16-85F5-1D963E833F72}.AppStore|iPhone.Build.0 = Release|x86
		{F6C60C42-A40C-4F16-85F5-1D963E833F72}.AppStore|iPhone.Deploy.0 = Release|x86
		{F6C60C42-A40C-4F16-85F5-1D963E833F72}.AppStore|iPhoneSimulator.ActiveCfg = Release|x86
		{F6C60C42-A40C-4F16-85F5-1D963E833F72}.AppStore|iPhoneSimulator.Build.0 = Release|x86
		{F6C60C42-A40C-4F16-85F5-1D963E833F72}.AppStore|iPhoneSimulator.Deploy.0 = Release|x86
		{F6C60C42-A40C-4F16-85F5-1D963E833F72}.AppStore|x64.ActiveCfg = Release|x64
		{F6C60C42-A40C-4F16-85F5-1D963E833F72}.AppStore|x64.Build.0 = Release|x64
		{F6C60C42-A40C-4F16-85F5-1D963E833F72}.AppStore|x64.Deploy.0 = Release|x64
		{F6C60C42-A40C-4F16-85F5-1D963E833F72}.AppStore|x86.ActiveCfg = Release|x86
		{F6C60C42-A40C-4F16-85F5-1D963E833F72}.AppStore|x86.Build.0 = Release|x86
		{F6C60C42-A40C-4F16-85F5-1D963E833F72}.AppStore|x86.Deploy.0 = Release|x86
		{F6C60C42-A40C-4F16-85F5-1D963E833F72}.Debug|Any CPU.ActiveCfg = Debug|x86
		{F6C60C42-A40C-4F16-85F5-1D963E833F72}.Debug|ARM.ActiveCfg = Debug|ARM
		{F6C60C42-A40C-4F16-85F5-1D963E833F72}.Debug|ARM.Build.0 = Debug|ARM
		{F6C60C42-A40C-4F16-85F5-1D963E833F72}.Debug|ARM.Deploy.0 = Debug|ARM
		{F6C60C42-A40C-4F16-85F5-1D963E833F72}.Debug|iPhone.ActiveCfg = Debug|x86
		{F6C60C42-A40C-4F16-85F5-1D963E833F72}.Debug|iPhoneSimulator.ActiveCfg = Debug|x86
		{F6C60C42-A40C-4F16-85F5-1D963E833F72}.Debug|x64.ActiveCfg = Debug|x64
		{F6C60C42-A40C-4F16-85F5-1D963E833F72}.Debug|x64.Build.0 = Debug|x64
		{F6C60C42-A40C-4F16-85F5-1D963E833F72}.Debug|x64.Deploy.0 = Debug|x64
		{F6C60C42-A40C-4F16-85F5-1D963E833F72}.Debug|x86.ActiveCfg = Debug|x86
		{F6C60C42-A40C-4F16-85F5-1D963E833F72}.Debug|x86.Build.0 = Debug|x86
		{F6C60C42-A40C-4F16-85F5-1D963E833F72}.Debug|x86.Deploy.0 = Debug|x86
		{F6C60C42-A40C-4F16-85F5-1D963E833F72}.Release|Any CPU.ActiveCfg = Release|x86
		{F6C60C42-A40C-4F16-85F5-1D963E833F72}.Release|ARM.ActiveCfg = Release|ARM
		{F6C60C42-A40C-4F16-85F5-1D963E833F72}.Release|ARM.Build.0 = Release|ARM
		{F6C60C42-A40C-4F16-85F5-1D963E833F72}.Release|ARM.Deploy.0 = Release|ARM
		{F6C60C42-A40C-4F16-85F5-1D963E833F72}.Release|iPhone.ActiveCfg = Release|x86
		{F6C60C42-A40C-4F16-85F5-1D963E833F72}.Release|iPhoneSimulator.ActiveCfg = Release|x86
		{F6C60C42-A40C-4F16-85F5-1D963E833F72}.Release|x64.ActiveCfg = Release|x64
		{F6C60C42-A40C-4F16-85F5-1D963E833F72}.Release|x64.Build.0 = Release|x64
		{F6C60C42-A40C-4F16-85F5-1D963E833F72}.Release|x64.Deploy.0 = Release|x64
		{F6C60C42-A40C-4F16-85F5-1D963E833F72}.Release|x86.ActiveCfg = Release|x86
		{F6C60C42-A40C-4F16-85F5-1D963E833F72}.Release|x86.Build.0 = Release|x86
		{F6C60C42-A40C-4F16-85F5-1D963E833F72}.Release|x86.Deploy.0 = Release|x86
	EndGlobalSection
	GlobalSection(SolutionProperties) = preSolution
		HideSolutionNode = FALSE
	EndGlobalSection
	GlobalSection(NestedProjects) = preSolution
		{F747A0E2-AD82-4803-9DD5-A29BBB3C0E3E} = {318E887B-3E58-49B5-A2E1-B5C3E560F2DA}
		{4FBD784D-1B5A-4EFD-979F-9806A9AF16FF} = {F747A0E2-AD82-4803-9DD5-A29BBB3C0E3E}
		{AC8781C8-04F9-4453-8633-A15D8BAD2FAC} = {F747A0E2-AD82-4803-9DD5-A29BBB3C0E3E}
		{7D7A5ADE-F9DE-4352-AF94-DECC0A24E7E2} = {F747A0E2-AD82-4803-9DD5-A29BBB3C0E3E}
		{7727CCC3-8CC6-4AA7-9241-81C353D231D5} = {F747A0E2-AD82-4803-9DD5-A29BBB3C0E3E}
		{700C1D78-D15E-47A3-A7CA-AA2E86AEED55} = {F747A0E2-AD82-4803-9DD5-A29BBB3C0E3E}
		{6142A79A-FAD8-4E1A-A43A-EB897F1DF426} = {700C1D78-D15E-47A3-A7CA-AA2E86AEED55}
		{F4F19352-CF04-4B2F-B123-CB050D66A2CA} = {700C1D78-D15E-47A3-A7CA-AA2E86AEED55}
		{48F78079-1337-4333-8904-E63EDE221BA9} = {700C1D78-D15E-47A3-A7CA-AA2E86AEED55}
		{F6C60C42-A40C-4F16-85F5-1D963E833F72} = {700C1D78-D15E-47A3-A7CA-AA2E86AEED55}
	EndGlobalSection
	GlobalSection(ExtensibilityGlobals) = postSolution
		SolutionGuid = {1A152562-A808-45E3-B5E6-D81667BF5DA6}
	EndGlobalSection
EndGlobal
